
Microsoft Visual Studio Solution File, Format Version 12.00
# Visual Studio Version 16
VisualStudioVersion = 16.0.29926.136
MinimumVisualStudioVersion = 10.0.40219.1
Project("{FAE04EC0-301F-11D3-BF4B-00C04F79EFBC}") = "AkkaTest", "AkkaTest\AkkaTest.csproj", "{ACB56691-2825-4A8E-ABBD-3150769CCE55}"
EndProject
Global
	GlobalSection(SolutionConfigurationPlatforms) = preSolution
		Debug|Any CPU = Debug|Any CPU
		Release|Any CPU = Release|Any CPU
	EndGlobalSection
	GlobalSection(ProjectConfigurationPlatforms) = postSolution
		{ACB56691-2825-4A8E-ABBD-3150769CCE55}.Debug|Any CPU.ActiveCfg = Debug|Any CPU
		{ACB56691-2825-4A8E-ABBD-3150769CCE55}.Debug|Any CPU.Build.0 = Debug|Any CPU
		{ACB56691-2825-4A8E-ABBD-3150769CCE55}.Debug|Any CPU.Deploy.0 = Debug|Any CPU
		{ACB56691-2825-4A8E-ABBD-3150769CCE55}.Release|Any CPU.ActiveCfg = Release|Any CPU
		{ACB56691-2825-4A8E-ABBD-3150769CCE55}.Release|Any CPU.Build.0 = Release|Any CPU
		{ACB56691-2825-4A8E-ABBD-3150769CCE55}.Release|Any CPU.Deploy.0 = Release|Any CPU
	EndGlobalSection
	GlobalSection(SolutionProperties) = preSolution
		HideSolutionNode = FALSE
	EndGlobalSection
	GlobalSection(ExtensibilityGlobals) = postSolution
		SolutionGuid = {98D13483-735C-4760-AD2D-7D9DF895847F}
	EndGlobalSection
EndGlobal
